
Microsoft Visual Studio Solution File, Format Version 12.00
Project("{FAE04EC0-301F-11D3-BF4B-00C04F79EFBC}") = "lab3", "lab3\lab3.csproj", "{DB25F783-610D-4D2D-ACC4-59DE71BCB31F}"
EndProject
Project("{FAE04EC0-301F-11D3-BF4B-00C04F79EFBC}") = "DataStructures", "DataStructures\DataStructures.csproj", "{7BEAB71C-F3CC-471D-8AA8-560B4E895EC0}"
EndProject
Global
	GlobalSection(SolutionConfigurationPlatforms) = preSolution
		Debug|Any CPU = Debug|Any CPU
		Release|Any CPU = Release|Any CPU
	EndGlobalSection
	GlobalSection(ProjectConfigurationPlatforms) = postSolution
		{DB25F783-610D-4D2D-ACC4-59DE71BCB31F}.Debug|Any CPU.ActiveCfg = Debug|Any CPU
		{DB25F783-610D-4D2D-ACC4-59DE71BCB31F}.Debug|Any CPU.Build.0 = Debug|Any CPU
		{DB25F783-610D-4D2D-ACC4-59DE71BCB31F}.Release|Any CPU.ActiveCfg = Release|Any CPU
		{DB25F783-610D-4D2D-ACC4-59DE71BCB31F}.Release|Any CPU.Build.0 = Release|Any CPU
		{7BEAB71C-F3CC-471D-8AA8-560B4E895EC0}.Debug|Any CPU.ActiveCfg = Debug|Any CPU
		{7BEAB71C-F3CC-471D-8AA8-560B4E895EC0}.Debug|Any CPU.Build.0 = Debug|Any CPU
		{7BEAB71C-F3CC-471D-8AA8-560B4E895EC0}.Release|Any CPU.ActiveCfg = Release|Any CPU
		{7BEAB71C-F3CC-471D-8AA8-560B4E895EC0}.Release|Any CPU.Build.0 = Release|Any CPU
	EndGlobalSection
EndGlobal
